
Microsoft Visual Studio Solution File, Format Version 12.00
# Visual Studio Version 17
VisualStudioVersion = 17.4.33213.308
MinimumVisualStudioVersion = 10.0.40219.1
Project("{FAE04EC0-301F-11D3-BF4B-00C04F79EFBC}") = "LA Basic App GitHub", "LA Basic App GitHub\LA Basic App GitHub.csproj", "{B991D41E-776A-44CB-A951-AFA71EBE6089}"
EndProject
Project("{FAE04EC0-301F-11D3-BF4B-00C04F79EFBC}") = "BasicAppTest", "BasicAppTest\BasicAppTest.csproj", "{FC4CF5AA-FFBA-4713-9EF7-2DE7C011F561}"
EndProject
Global
	GlobalSection(SolutionConfigurationPlatforms) = preSolution
		Debug|Any CPU = Debug|Any CPU
		Release|Any CPU = Release|Any CPU
	EndGlobalSection
	GlobalSection(ProjectConfigurationPlatforms) = postSolution
		{B991D41E-776A-44CB-A951-AFA71EBE6089}.Debug|Any CPU.ActiveCfg = Debug|Any CPU
		{B991D41E-776A-44CB-A951-AFA71EBE6089}.Debug|Any CPU.Build.0 = Debug|Any CPU
		{B991D41E-776A-44CB-A951-AFA71EBE6089}.Release|Any CPU.ActiveCfg = Release|Any CPU
		{B991D41E-776A-44CB-A951-AFA71EBE6089}.Release|Any CPU.Build.0 = Release|Any CPU
		{FC4CF5AA-FFBA-4713-9EF7-2DE7C011F561}.Debug|Any CPU.ActiveCfg = Debug|Any CPU
		{FC4CF5AA-FFBA-4713-9EF7-2DE7C011F561}.Debug|Any CPU.Build.0 = Debug|Any CPU
		{FC4CF5AA-FFBA-4713-9EF7-2DE7C011F561}.Release|Any CPU.ActiveCfg = Release|Any CPU
		{FC4CF5AA-FFBA-4713-9EF7-2DE7C011F561}.Release|Any CPU.Build.0 = Release|Any CPU
	EndGlobalSection
	GlobalSection(SolutionProperties) = preSolution
		HideSolutionNode = FALSE
	EndGlobalSection
	GlobalSection(ExtensibilityGlobals) = postSolution
		SolutionGuid = {BB3B8034-5AAF-4ABE-AA6C-5C864EC79C0F}
	EndGlobalSection
EndGlobal
